apiVersion: vendir.k14s.io/v1alpha1
directories:
- contents:
  - git:
      commitTitle: 'docs(changelog): update changelog for kong 2.49 (#1324)...'
      sha: a70a4a88510f26498d039cfb60b1aecdb0838104
      tags:
      - kong-2.49.0
    path: kong
  path: vendor
- contents:
  - directory: {}
    path: .
  path: helm/kong-app
kind: LockConfig
