apiVersion: vendir.k14s.io/v1alpha1
directories:
- contents:
  - git:
      commitTitle: Merge branch 'upstream-main'
      sha: 4c5a1fc58408809de9b8d81a956ae0c6f1959247
      tags:
      - kong-2.19.0-52-g4c5a1fc
    path: kong
  path: vendor
- contents:
  - directory: {}
    path: .
  path: helm/kong-app
kind: LockConfig
