apiVersion: vendir.k14s.io/v1alpha1
directories:
- contents:
  - git:
      commitTitle: Merge branch 'upstream-main'
      sha: 06d5b9c4bcf9a8b061c35cb1a34ec81f44a6aa41
      tags:
      - kong-2.23.0-71-g06d5b9c
    path: kong
  path: vendor
- contents:
  - directory: {}
    path: .
  path: helm/kong-app
kind: LockConfig
