dependencies:
- name: postgresql
  repository: oci://registry-1.docker.io/bitnamicharts
  version: 16.0.1
- name: kubectl-apply-job
  repository: oci://giantswarmpublic.azurecr.io/giantswarm-playground-catalog
  version: 0.8.0
digest: sha256:6f4da5a2d7c7c0540db900f40a3e861f739804dc61af2ccdd4bcc38c4fbd587d
generated: "2024-10-04T13:29:49.280287396Z"
