dependencies:
- name: postgresql
  repository: oci://registry-1.docker.io/bitnamicharts
  version: 14.0.1
- name: kubectl-apply-job
  repository: oci://giantswarmpublic.azurecr.io/giantswarm-playground-catalog
  version: 0.7.0
digest: sha256:7963f48eb4a076a19023fba7ea0ce05d326cfe2f233524405fdc5cd20d3ae96d
generated: "2024-02-03T10:41:41.049824709Z"
