dependencies:
- name: postgresql
  repository: https://kubernetes-charts.storage.googleapis.com/
  version: 3.9.5
- name: cassandra
  repository: https://kubernetes-charts-incubator.storage.googleapis.com/
  version: 0.10.5
- name: redis
  repository: https://kubernetes-charts.storage.googleapis.com/
  version: 9.5.0
digest: sha256:4b793d5bf0a058c5ad0ebad8038ff40646c331d9e3fb7ee8cb8b3db60904b116
generated: "2019-11-04T18:17:41.798589+01:00"
